
Microsoft Visual Studio Solution File, Format Version 12.00
# Visual Studio Version 17
VisualStudioVersion = 17.3.32922.545
MinimumVisualStudioVersion = 10.0.40219.1
Project("{9A19103F-16F7-4668-BE54-9A1E7A4F7556}") = "Ethachat.Auth.Web", "Ethachat.Auth.Web\Ethachat.Auth.Web.csproj", "{E98EFEB2-6D28-4D2A-9406-5830C2FF885A}"
EndProject
Project("{9A19103F-16F7-4668-BE54-9A1E7A4F7556}") = "Ethachat.Auth.Web.Tests", "Ethachat.Auth.Web.Tests\Ethachat.Auth.Web.Tests.csproj", "{DDEA6828-19E4-45DB-A1EB-6F1D6FA8BBC4}"
EndProject
Project("{FAE04EC0-301F-11D3-BF4B-00C04F79EFBC}") = "EthachatShared", "EthachatShared\EthachatShared\EthachatShared.csproj", "{3230956D-1F5E-45DD-AEF4-AA483D25C5FB}"
EndProject
Project("{FAE04EC0-301F-11D3-BF4B-00C04F79EFBC}") = "Ethachat.Auth.Domain", "Ethachat.Auth.Domain\Ethachat.Auth.Domain.csproj", "{933C3273-651A-4C1E-BAB7-886D7A9CB96D}"
EndProject
Project("{FAE04EC0-301F-11D3-BF4B-00C04F79EFBC}") = "Ethachat.Auth.Infrastructure", "Ethachat.Auth.Infrastructure\Ethachat.Auth.Infrastructure.csproj", "{3EA21145-3C01-4E86-907B-8B3A69C5A1A6}"
EndProject
Global
	GlobalSection(SolutionConfigurationPlatforms) = preSolution
		Debug|Any CPU = Debug|Any CPU
		Release|Any CPU = Release|Any CPU
	EndGlobalSection
	GlobalSection(ProjectConfigurationPlatforms) = postSolution
		{E98EFEB2-6D28-4D2A-9406-5830C2FF885A}.Debug|Any CPU.ActiveCfg = Debug|Any CPU
		{E98EFEB2-6D28-4D2A-9406-5830C2FF885A}.Debug|Any CPU.Build.0 = Debug|Any CPU
		{E98EFEB2-6D28-4D2A-9406-5830C2FF885A}.Release|Any CPU.ActiveCfg = Release|Any CPU
		{E98EFEB2-6D28-4D2A-9406-5830C2FF885A}.Release|Any CPU.Build.0 = Release|Any CPU
		{DDEA6828-19E4-45DB-A1EB-6F1D6FA8BBC4}.Debug|Any CPU.ActiveCfg = Debug|Any CPU
		{DDEA6828-19E4-45DB-A1EB-6F1D6FA8BBC4}.Debug|Any CPU.Build.0 = Debug|Any CPU
		{DDEA6828-19E4-45DB-A1EB-6F1D6FA8BBC4}.Release|Any CPU.ActiveCfg = Release|Any CPU
		{DDEA6828-19E4-45DB-A1EB-6F1D6FA8BBC4}.Release|Any CPU.Build.0 = Release|Any CPU
		{3230956D-1F5E-45DD-AEF4-AA483D25C5FB}.Debug|Any CPU.ActiveCfg = Debug|Any CPU
		{3230956D-1F5E-45DD-AEF4-AA483D25C5FB}.Debug|Any CPU.Build.0 = Debug|Any CPU
		{3230956D-1F5E-45DD-AEF4-AA483D25C5FB}.Release|Any CPU.ActiveCfg = Release|Any CPU
		{3230956D-1F5E-45DD-AEF4-AA483D25C5FB}.Release|Any CPU.Build.0 = Release|Any CPU
		{933C3273-651A-4C1E-BAB7-886D7A9CB96D}.Debug|Any CPU.ActiveCfg = Debug|Any CPU
		{933C3273-651A-4C1E-BAB7-886D7A9CB96D}.Debug|Any CPU.Build.0 = Debug|Any CPU
		{933C3273-651A-4C1E-BAB7-886D7A9CB96D}.Release|Any CPU.ActiveCfg = Release|Any CPU
		{933C3273-651A-4C1E-BAB7-886D7A9CB96D}.Release|Any CPU.Build.0 = Release|Any CPU
		{3EA21145-3C01-4E86-907B-8B3A69C5A1A6}.Debug|Any CPU.ActiveCfg = Debug|Any CPU
		{3EA21145-3C01-4E86-907B-8B3A69C5A1A6}.Debug|Any CPU.Build.0 = Debug|Any CPU
		{3EA21145-3C01-4E86-907B-8B3A69C5A1A6}.Release|Any CPU.ActiveCfg = Release|Any CPU
		{3EA21145-3C01-4E86-907B-8B3A69C5A1A6}.Release|Any CPU.Build.0 = Release|Any CPU
	EndGlobalSection
	GlobalSection(SolutionProperties) = preSolution
		HideSolutionNode = FALSE
	EndGlobalSection
	GlobalSection(ExtensibilityGlobals) = postSolution
		SolutionGuid = {0CB6914C-5B03-4CCE-AD51-A1F0B9914B4E}
	EndGlobalSection
	GlobalSection(RiderSharedRunConfigurations) = postSolution
	EndGlobalSection
EndGlobal
